// !$*UTF8*$!
{
	archiveVersion = 1;
	classes = {
	};
	objectVersion = 50;
	objects = {

/* Begin PBXBuildFile section */
		3E1FC764239F5D3B0069E2CA /* AppDelegate.swift in Sources */ = {isa = PBXBuildFile; fileRef = 3E1FC763239F5D3B0069E2CA /* AppDelegate.swift */; };
		3E1FC766239F5D3B0069E2CA /* SceneDelegate.swift in Sources */ = {isa = PBXBuildFile; fileRef = 3E1FC765239F5D3B0069E2CA /* SceneDelegate.swift */; };
		3E1FC768239F5D3B0069E2CA /* ComicViewController.swift in Sources */ = {isa = PBXBuildFile; fileRef = 3E1FC767239F5D3B0069E2CA /* ComicViewController.swift */; };
		3E1FC76B239F5D3B0069E2CA /* Main.storyboard in Resources */ = {isa = PBXBuildFile; fileRef = 3E1FC769239F5D3B0069E2CA /* Main.storyboard */; };
		3E1FC76D239F5D400069E2CA /* Assets.xcassets in Resources */ = {isa = PBXBuildFile; fileRef = 3E1FC76C239F5D400069E2CA /* Assets.xcassets */; };
		3E1FC770239F5D400069E2CA /* LaunchScreen.storyboard in Resources */ = {isa = PBXBuildFile; fileRef = 3E1FC76E239F5D400069E2CA /* LaunchScreen.storyboard */; };
		3E1FC77B239F5D400069E2CA /* ImagesAndErrorHandlingTests.swift in Sources */ = {isa = PBXBuildFile; fileRef = 3E1FC77A239F5D400069E2CA /* ImagesAndErrorHandlingTests.swift */; };
		3EA133C723A0365300D19BB6 /* NetworkHelper.swift in Sources */ = {isa = PBXBuildFile; fileRef = 3EA133C623A0365300D19BB6 /* NetworkHelper.swift */; };
		3EA133C923A0367A00D19BB6 /* AppError.swift in Sources */ = {isa = PBXBuildFile; fileRef = 3EA133C823A0367A00D19BB6 /* AppError.swift */; };
		3EA133CC23A0372D00D19BB6 /* ComicViews.swift in Sources */ = {isa = PBXBuildFile; fileRef = 3EA133CB23A0372D00D19BB6 /* ComicViews.swift */; };
		3EA133CE23A0390A00D19BB6 /* ComicViewApiClent.swift in Sources */ = {isa = PBXBuildFile; fileRef = 3EA133CD23A0390A00D19BB6 /* ComicViewApiClent.swift */; };
		3EA133D123A0685E00D19BB6 /* fix code.swift in Sources */ = {isa = PBXBuildFile; fileRef = 3EA133D023A0685E00D19BB6 /* fix code.swift */; };
/* End PBXBuildFile section */

/* Begin PBXContainerItemProxy section */
		3E1FC777239F5D400069E2CA /* PBXContainerItemProxy */ = {
			isa = PBXContainerItemProxy;
			containerPortal = 3E1FC758239F5D3B0069E2CA /* Project object */;
			proxyType = 1;
			remoteGlobalIDString = 3E1FC75F239F5D3B0069E2CA;
			remoteInfo = ImagesAndErrorHandling;
		};
/* End PBXContainerItemProxy section */

/* Begin PBXFileReference section */
		3E1FC760239F5D3B0069E2CA /* ImagesAndErrorHandling.app */ = {isa = PBXFileReference; explicitFileType = wrapper.application; includeInIndex = 0; path = ImagesAndErrorHandling.app; sourceTree = BUILT_PRODUCTS_DIR; };
		3E1FC763239F5D3B0069E2CA /* AppDelegate.swift */ = {isa = PBXFileReference; lastKnownFileType = sourcecode.swift; path = AppDelegate.swift; sourceTree = "<group>"; };
		3E1FC765239F5D3B0069E2CA /* SceneDelegate.swift */ = {isa = PBXFileReference; lastKnownFileType = sourcecode.swift; path = SceneDelegate.swift; sourceTree = "<group>"; };
		3E1FC767239F5D3B0069E2CA /* ComicViewController.swift */ = {isa = PBXFileReference; lastKnownFileType = sourcecode.swift; path = ComicViewController.swift; sourceTree = "<group>"; };
		3E1FC76A239F5D3B0069E2CA /* Base */ = {isa = PBXFileReference; lastKnownFileType = file.storyboard; name = Base; path = Base.lproj/Main.storyboard; sourceTree = "<group>"; };
		3E1FC76C239F5D400069E2CA /* Assets.xcassets */ = {isa = PBXFileReference; lastKnownFileType = folder.assetcatalog; path = Assets.xcassets; sourceTree = "<group>"; };
		3E1FC76F239F5D400069E2CA /* Base */ = {isa = PBXFileReference; lastKnownFileType = file.storyboard; name = Base; path = Base.lproj/LaunchScreen.storyboard; sourceTree = "<group>"; };
		3E1FC771239F5D400069E2CA /* Info.plist */ = {isa = PBXFileReference; lastKnownFileType = text.plist.xml; path = Info.plist; sourceTree = "<group>"; };
		3E1FC776239F5D400069E2CA /* ImagesAndErrorHandlingTests.xctest */ = {isa = PBXFileReference; explicitFileType = wrapper.cfbundle; includeInIndex = 0; path = ImagesAndErrorHandlingTests.xctest; sourceTree = BUILT_PRODUCTS_DIR; };
		3E1FC77A239F5D400069E2CA /* ImagesAndErrorHandlingTests.swift */ = {isa = PBXFileReference; lastKnownFileType = sourcecode.swift; path = ImagesAndErrorHandlingTests.swift; sourceTree = "<group>"; };
		3E1FC77C239F5D400069E2CA /* Info.plist */ = {isa = PBXFileReference; lastKnownFileType = text.plist.xml; path = Info.plist; sourceTree = "<group>"; };
		3EA133C623A0365300D19BB6 /* NetworkHelper.swift */ = {isa = PBXFileReference; lastKnownFileType = sourcecode.swift; path = NetworkHelper.swift; sourceTree = "<group>"; };
		3EA133C823A0367A00D19BB6 /* AppError.swift */ = {isa = PBXFileReference; lastKnownFileType = sourcecode.swift; path = AppError.swift; sourceTree = "<group>"; };
		3EA133CB23A0372D00D19BB6 /* ComicViews.swift */ = {isa = PBXFileReference; lastKnownFileType = sourcecode.swift; path = ComicViews.swift; sourceTree = "<group>"; };
		3EA133CD23A0390A00D19BB6 /* ComicViewApiClent.swift */ = {isa = PBXFileReference; lastKnownFileType = sourcecode.swift; path = ComicViewApiClent.swift; sourceTree = "<group>"; };
		3EA133D023A0685E00D19BB6 /* fix code.swift */ = {isa = PBXFileReference; lastKnownFileType = sourcecode.swift; path = "fix code.swift"; sourceTree = "<group>"; };
/* End PBXFileReference section */

/* Begin PBXFrameworksBuildPhase section */
		3E1FC75D239F5D3B0069E2CA /* Frameworks */ = {
			isa = PBXFrameworksBuildPhase;
			buildActionMask = 2147483647;
			files = (
			);
			runOnlyForDeploymentPostprocessing = 0;
		};
		3E1FC773239F5D400069E2CA /* Frameworks */ = {
			isa = PBXFrameworksBuildPhase;
			buildActionMask = 2147483647;
			files = (
			);
			runOnlyForDeploymentPostprocessing = 0;
		};
/* End PBXFrameworksBuildPhase section */

/* Begin PBXGroup section */
		3E1FC757239F5D3B0069E2CA = {
			isa = PBXGroup;
			children = (
				3EA133D023A0685E00D19BB6 /* fix code.swift */,
				3EA133C823A0367A00D19BB6 /* AppError.swift */,
				3EA133C623A0365300D19BB6 /* NetworkHelper.swift */,
				3EA133CF23A0439200D19BB6 /* View Controllers! */,
				3EA133CA23A036BA00D19BB6 /* Models */,
				3E1FC762239F5D3B0069E2CA /* ImagesAndErrorHandling */,
				3E1FC779239F5D400069E2CA /* ImagesAndErrorHandlingTests */,
				3E1FC761239F5D3B0069E2CA /* Products */,
			);
			sourceTree = "<group>";
		};
		3E1FC761239F5D3B0069E2CA /* Products */ = {
			isa = PBXGroup;
			children = (
				3E1FC760239F5D3B0069E2CA /* ImagesAndErrorHandling.app */,
				3E1FC776239F5D400069E2CA /* ImagesAndErrorHandlingTests.xctest */,
			);
			name = Products;
			sourceTree = "<group>";
		};
		3E1FC762239F5D3B0069E2CA /* ImagesAndErrorHandling */ = {
			isa = PBXGroup;
			children = (
				3E1FC763239F5D3B0069E2CA /* AppDelegate.swift */,
				3E1FC765239F5D3B0069E2CA /* SceneDelegate.swift */,
				3E1FC76C239F5D400069E2CA /* Assets.xcassets */,
				3E1FC76E239F5D400069E2CA /* LaunchScreen.storyboard */,
				3E1FC771239F5D400069E2CA /* Info.plist */,
			);
			path = ImagesAndErrorHandling;
			sourceTree = "<group>";
		};
		3E1FC779239F5D400069E2CA /* ImagesAndErrorHandlingTests */ = {
			isa = PBXGroup;
			children = (
				3E1FC77A239F5D400069E2CA /* ImagesAndErrorHandlingTests.swift */,
				3E1FC77C239F5D400069E2CA /* Info.plist */,
			);
			path = ImagesAndErrorHandlingTests;
			sourceTree = "<group>";
		};
		3EA133CA23A036BA00D19BB6 /* Models */ = {
			isa = PBXGroup;
			children = (
				3EA133CB23A0372D00D19BB6 /* ComicViews.swift */,
				3EA133CD23A0390A00D19BB6 /* ComicViewApiClent.swift */,
			);
			path = Models;
			sourceTree = "<group>";
		};
		3EA133CF23A0439200D19BB6 /* View Controllers! */ = {
			isa = PBXGroup;
			children = (
				3E1FC769239F5D3B0069E2CA /* Main.storyboard */,
				3E1FC767239F5D3B0069E2CA /* ComicViewController.swift */,
			);
			path = "View Controllers!";
			sourceTree = "<group>";
		};
/* End PBXGroup section */

/* Begin PBXNativeTarget section */
		3E1FC75F239F5D3B0069E2CA /* ImagesAndErrorHandling */ = {
			isa = PBXNativeTarget;
			buildConfigurationList = 3E1FC77F239F5D400069E2CA /* Build configuration list for PBXNativeTarget "ImagesAndErrorHandling" */;
			buildPhases = (
				3E1FC75C239F5D3B0069E2CA /* Sources */,
				3E1FC75D239F5D3B0069E2CA /* Frameworks */,
				3E1FC75E239F5D3B0069E2CA /* Resources */,
			);
			buildRules = (
			);
			dependencies = (
			);
			name = ImagesAndErrorHandling;
			productName = ImagesAndErrorHandling;
			productReference = 3E1FC760239F5D3B0069E2CA /* ImagesAndErrorHandling.app */;
			productType = "com.apple.product-type.application";
		};
		3E1FC775239F5D400069E2CA /* ImagesAndErrorHandlingTests */ = {
			isa = PBXNativeTarget;
			buildConfigurationList = 3E1FC782239F5D400069E2CA /* Build configuration list for PBXNativeTarget "ImagesAndErrorHandlingTests" */;
			buildPhases = (
				3E1FC772239F5D400069E2CA /* Sources */,
				3E1FC773239F5D400069E2CA /* Frameworks */,
				3E1FC774239F5D400069E2CA /* Resources */,
			);
			buildRules = (
			);
			dependencies = (
				3E1FC778239F5D400069E2CA /* PBXTargetDependency */,
			);
			name = ImagesAndErrorHandlingTests;
			productName = ImagesAndErrorHandlingTests;
			productReference = 3E1FC776239F5D400069E2CA /* ImagesAndErrorHandlingTests.xctest */;
			productType = "com.apple.product-type.bundle.unit-test";
		};
/* End PBXNativeTarget section */

/* Begin PBXProject section */
		3E1FC758239F5D3B0069E2CA /* Project object */ = {
			isa = PBXProject;
			attributes = {
				LastSwiftUpdateCheck = 1120;
				LastUpgradeCheck = 1120;
				ORGANIZATIONNAME = "Tiffany Obi";
				TargetAttributes = {
					3E1FC75F239F5D3B0069E2CA = {
						CreatedOnToolsVersion = 11.2;
					};
					3E1FC775239F5D400069E2CA = {
						CreatedOnToolsVersion = 11.2;
						TestTargetID = 3E1FC75F239F5D3B0069E2CA;
					};
				};
			};
			buildConfigurationList = 3E1FC75B239F5D3B0069E2CA /* Build configuration list for PBXProject "ImagesAndErrorHandling" */;
			compatibilityVersion = "Xcode 9.3";
			developmentRegion = en;
			hasScannedForEncodings = 0;
			knownRegions = (
				en,
				Base,
			);
			mainGroup = 3E1FC757239F5D3B0069E2CA;
			productRefGroup = 3E1FC761239F5D3B0069E2CA /* Products */;
			projectDirPath = "";
			projectRoot = "";
			targets = (
				3E1FC75F239F5D3B0069E2CA /* ImagesAndErrorHandling */,
				3E1FC775239F5D400069E2CA /* ImagesAndErrorHandlingTests */,
			);
		};
/* End PBXProject section */

/* Begin PBXResourcesBuildPhase section */
		3E1FC75E239F5D3B0069E2CA /* Resources */ = {
			isa = PBXResourcesBuildPhase;
			buildActionMask = 2147483647;
			files = (
				3E1FC770239F5D400069E2CA /* LaunchScreen.storyboard in Resources */,
				3E1FC76D239F5D400069E2CA /* Assets.xcassets in Resources */,
				3E1FC76B239F5D3B0069E2CA /* Main.storyboard in Resources */,
			);
			runOnlyForDeploymentPostprocessing = 0;
		};
		3E1FC774239F5D400069E2CA /* Resources */ = {
			isa = PBXResourcesBuildPhase;
			buildActionMask = 2147483647;
			files = (
			);
			runOnlyForDeploymentPostprocessing = 0;
		};
/* End PBXResourcesBuildPhase section */

/* Begin PBXSourcesBuildPhase section */
		3E1FC75C239F5D3B0069E2CA /* Sources */ = {
			isa = PBXSourcesBuildPhase;
			buildActionMask = 2147483647;
			files = (
				3EA133CC23A0372D00D19BB6 /* ComicViews.swift in Sources */,
				3EA133CE23A0390A00D19BB6 /* ComicViewApiClent.swift in Sources */,
				3EA133C723A0365300D19BB6 /* NetworkHelper.swift in Sources */,
				3EA133D123A0685E00D19BB6 /* fix code.swift in Sources */,
				3E1FC768239F5D3B0069E2CA /* ComicViewController.swift in Sources */,
				3EA133C923A0367A00D19BB6 /* AppError.swift in Sources */,
				3E1FC764239F5D3B0069E2CA /* AppDelegate.swift in Sources */,
				3E1FC766239F5D3B0069E2CA /* SceneDelegate.swift in Sources */,
			);
			runOnlyForDeploymentPostprocessing = 0;
		};
		3E1FC772239F5D400069E2CA /* Sources */ = {
			isa = PBXSourcesBuildPhase;
			buildActionMask = 2147483647;
			files = (
				3E1FC77B239F5D400069E2CA /* ImagesAndErrorHandlingTests.swift in Sources */,
			);
			runOnlyForDeploymentPostprocessing = 0;
		};
/* End PBXSourcesBuildPhase section */

/* Begin PBXTargetDependency section */
		3E1FC778239F5D400069E2CA /* PBXTargetDependency */ = {
			isa = PBXTargetDependency;
			target = 3E1FC75F239F5D3B0069E2CA /* ImagesAndErrorHandling */;
			targetProxy = 3E1FC777239F5D400069E2CA /* PBXContainerItemProxy */;
		};
/* End PBXTargetDependency section */

/* Begin PBXVariantGroup section */
		3E1FC769239F5D3B0069E2CA /* Main.storyboard */ = {
			isa = PBXVariantGroup;
			children = (
				3E1FC76A239F5D3B0069E2CA /* Base */,
			);
			name = Main.storyboard;
			sourceTree = "<group>";
		};
		3E1FC76E239F5D400069E2CA /* LaunchScreen.storyboard */ = {
			isa = PBXVariantGroup;
			children = (
				3E1FC76F239F5D400069E2CA /* Base */,
			);
			name = LaunchScreen.storyboard;
			sourceTree = "<group>";
		};
/* End PBXVariantGroup section */

/* Begin XCBuildConfiguration section */
		3E1FC77D239F5D400069E2CA /* Debug */ = {
			isa = XCBuildConfiguration;
			buildSettings = {
				ALWAYS_SEARCH_USER_PATHS = NO;
				CLANG_ANALYZER_NONNULL = YES;
				CLANG_ANALYZER_NUMBER_OBJECT_CONVERSION = YES_AGGRESSIVE;
				CLANG_CXX_LANGUAGE_STANDARD = "gnu++14";
				CLANG_CXX_LIBRARY = "libc++";
				CLANG_ENABLE_MODULES = YES;
				CLANG_ENABLE_OBJC_ARC = YES;
				CLANG_ENABLE_OBJC_WEAK = YES;
				CLANG_WARN_BLOCK_CAPTURE_AUTORELEASING = YES;
				CLANG_WARN_BOOL_CONVERSION = YES;
				CLANG_WARN_COMMA = YES;
				CLANG_WARN_CONSTANT_CONVERSION = YES;
				CLANG_WARN_DEPRECATED_OBJC_IMPLEMENTATIONS = YES;
				CLANG_WARN_DIRECT_OBJC_ISA_USAGE = YES_ERROR;
				CLANG_WARN_DOCUMENTATION_COMMENTS = YES;
				CLANG_WARN_EMPTY_BODY = YES;
				CLANG_WARN_ENUM_CONVERSION = YES;
				CLANG_WARN_INFINITE_RECURSION = YES;
				CLANG_WARN_INT_CONVERSION = YES;
				CLANG_WARN_NON_LITERAL_NULL_CONVERSION = YES;
				CLANG_WARN_OBJC_IMPLICIT_RETAIN_SELF = YES;
				CLANG_WARN_OBJC_LITERAL_CONVERSION = YES;
				CLANG_WARN_OBJC_ROOT_CLASS = YES_ERROR;
				CLANG_WARN_RANGE_LOOP_ANALYSIS = YES;
				CLANG_WARN_STRICT_PROTOTYPES = YES;
				CLANG_WARN_SUSPICIOUS_MOVE = YES;
				CLANG_WARN_UNGUARDED_AVAILABILITY = YES_AGGRESSIVE;
				CLANG_WARN_UNREACHABLE_CODE = YES;
				CLANG_WARN__DUPLICATE_METHOD_MATCH = YES;
				COPY_PHASE_STRIP = NO;
				DEBUG_INFORMATION_FORMAT = dwarf;
				ENABLE_STRICT_OBJC_MSGSEND = YES;
				ENABLE_TESTABILITY = YES;
				GCC_C_LANGUAGE_STANDARD = gnu11;
				GCC_DYNAMIC_NO_PIC = NO;
				GCC_NO_COMMON_BLOCKS = YES;
				GCC_OPTIMIZATION_LEVEL = 0;
				GCC_PREPROCESSOR_DEFINITIONS = (
					"DEBUG=1",
					"$(inherited)",
				);
				GCC_WARN_64_TO_32_BIT_CONVERSION = YES;
				GCC_WARN_ABOUT_RETURN_TYPE = YES_ERROR;
				GCC_WARN_UNDECLARED_SELECTOR = YES;
				GCC_WARN_UNINITIALIZED_AUTOS = YES_AGGRESSIVE;
				GCC_WARN_UNUSED_FUNCTION = YES;
				GCC_WARN_UNUSED_VARIABLE = YES;
				IPHONEOS_DEPLOYMENT_TARGET = 13.2;
				MTL_ENABLE_DEBUG_INFO = INCLUDE_SOURCE;
				MTL_FAST_MATH = YES;
				ONLY_ACTIVE_ARCH = YES;
				SDKROOT = iphoneos;
				SWIFT_ACTIVE_COMPILATION_CONDITIONS = DEBUG;
				SWIFT_OPTIMIZATION_LEVEL = "-Onone";
			};
			name = Debug;
		};
		3E1FC77E239F5D400069E2CA /* Release */ = {
			isa = XCBuildConfiguration;
			buildSettings = {
				ALWAYS_SEARCH_USER_PATHS = NO;
				CLANG_ANALYZER_NONNULL = YES;
				CLANG_ANALYZER_NUMBER_OBJECT_CONVERSION = YES_AGGRESSIVE;
				CLANG_CXX_LANGUAGE_STANDARD = "gnu++14";
				CLANG_CXX_LIBRARY = "libc++";
				CLANG_ENABLE_MODULES = YES;
				CLANG_ENABLE_OBJC_ARC = YES;
				CLANG_ENABLE_OBJC_WEAK = YES;
				CLANG_WARN_BLOCK_CAPTURE_AUTORELEASING = YES;
				CLANG_WARN_BOOL_CONVERSION = YES;
				CLANG_WARN_COMMA = YES;
				CLANG_WARN_CONSTANT_CONVERSION = YES;
				CLANG_WARN_DEPRECATED_OBJC_IMPLEMENTATIONS = YES;
				CLANG_WARN_DIRECT_OBJC_ISA_USAGE = YES_ERROR;
				CLANG_WARN_DOCUMENTATION_COMMENTS = YES;
				CLANG_WARN_EMPTY_BODY = YES;
				CLANG_WARN_ENUM_CONVERSION = YES;
				CLANG_WARN_INFINITE_RECURSION = YES;
				CLANG_WARN_INT_CONVERSION = YES;
				CLANG_WARN_NON_LITERAL_NULL_CONVERSION = YES;
				CLANG_WARN_OBJC_IMPLICIT_RETAIN_SELF = YES;
				CLANG_WARN_OBJC_LITERAL_CONVERSION = YES;
				CLANG_WARN_OBJC_ROOT_CLASS = YES_ERROR;
				CLANG_WARN_RANGE_LOOP_ANALYSIS = YES;
				CLANG_WARN_STRICT_PROTOTYPES = YES;
				CLANG_WARN_SUSPICIOUS_MOVE = YES;
				CLANG_WARN_UNGUARDED_AVAILABILITY = YES_AGGRESSIVE;
				CLANG_WARN_UNREACHABLE_CODE = YES;
				CLANG_WARN__DUPLICATE_METHOD_MATCH = YES;
				COPY_PHASE_STRIP = NO;
				DEBUG_INFORMATION_FORMAT = "dwarf-with-dsym";
				ENABLE_NS_ASSERTIONS = NO;
				ENABLE_STRICT_OBJC_MSGSEND = YES;
				GCC_C_LANGUAGE_STANDARD = gnu11;
				GCC_NO_COMMON_BLOCKS = YES;
				GCC_WARN_64_TO_32_BIT_CONVERSION = YES;
				GCC_WARN_ABOUT_RETURN_TYPE = YES_ERROR;
				GCC_WARN_UNDECLARED_SELECTOR = YES;
				GCC_WARN_UNINITIALIZED_AUTOS = YES_AGGRESSIVE;
				GCC_WARN_UNUSED_FUNCTION = YES;
				GCC_WARN_UNUSED_VARIABLE = YES;
				IPHONEOS_DEPLOYMENT_TARGET = 13.2;
				MTL_ENABLE_DEBUG_INFO = NO;
				MTL_FAST_MATH = YES;
				SDKROOT = iphoneos;
				SWIFT_COMPILATION_MODE = wholemodule;
				SWIFT_OPTIMIZATION_LEVEL = "-O";
				VALIDATE_PRODUCT = YES;
			};
			name = Release;
		};
		3E1FC780239F5D400069E2CA /* Debug */ = {
			isa = XCBuildConfiguration;
			buildSettings = {
				ASSETCATALOG_COMPILER_APPICON_NAME = AppIcon;
				CODE_SIGN_STYLE = Automatic;
				DEVELOPMENT_TEAM = 7NN4QS8KUX;
				INFOPLIST_FILE = ImagesAndErrorHandling/Info.plist;
				LD_RUNPATH_SEARCH_PATHS = (
					"$(inherited)",
					"@executable_path/Frameworks",
				);
				PRODUCT_BUNDLE_IDENTIFIER = org.tiffanyobi.ImagesAndErrorHandling;
				PRODUCT_NAME = "$(TARGET_NAME)";
				SWIFT_VERSION = 5.0;
				TARGETED_DEVICE_FAMILY = "1,2";
			};
			name = Debug;
		};
		3E1FC781239F5D400069E2CA /* Release */ = {
			isa = XCBuildConfiguration;
			buildSettings = {
				ASSETCATALOG_COMPILER_APPICON_NAME = AppIcon;
				CODE_SIGN_STYLE = Automatic;
				DEVELOPMENT_TEAM = 7NN4QS8KUX;
				INFOPLIST_FILE = ImagesAndErrorHandling/Info.plist;
				LD_RUNPATH_SEARCH_PATHS = (
					"$(inherited)",
					"@executable_path/Frameworks",
				);
				PRODUCT_BUNDLE_IDENTIFIER = org.tiffanyobi.ImagesAndErrorHandling;
				PRODUCT_NAME = "$(TARGET_NAME)";
				SWIFT_VERSION = 5.0;
				TARGETED_DEVICE_FAMILY = "1,2";
			};
			name = Release;
		};
		3E1FC783239F5D400069E2CA /* Debug */ = {
			isa = XCBuildConfiguration;
			buildSettings = {
				ALWAYS_EMBED_SWIFT_STANDARD_LIBRARIES = YES;
				BUNDLE_LOADER = "$(TEST_HOST)";
				CODE_SIGN_STYLE = Automatic;
				DEVELOPMENT_TEAM = 7NN4QS8KUX;
				INFOPLIST_FILE = ImagesAndErrorHandlingTests/Info.plist;
				IPHONEOS_DEPLOYMENT_TARGET = 13.2;
				LD_RUNPATH_SEARCH_PATHS = (
					"$(inherited)",
					"@executable_path/Frameworks",
					"@loader_path/Frameworks",
				);
				PRODUCT_BUNDLE_IDENTIFIER = org.tiffanyobi.ImagesAndErrorHandlingTests;
				PRODUCT_NAME = "$(TARGET_NAME)";
				SWIFT_VERSION = 5.0;
				TARGETED_DEVICE_FAMILY = "1,2";
				TEST_HOST = "$(BUILT_PRODUCTS_DIR)/ImagesAndErrorHandling.app/ImagesAndErrorHandling";
			};
			name = Debug;
		};
		3E1FC784239F5D400069E2CA /* Release */ = {
			isa = XCBuildConfiguration;
			buildSettings = {
				ALWAYS_EMBED_SWIFT_STANDARD_LIBRARIES = YES;
				BUNDLE_LOADER = "$(TEST_HOST)";
				CODE_SIGN_STYLE = Automatic;
				DEVELOPMENT_TEAM = 7NN4QS8KUX;
				INFOPLIST_FILE = ImagesAndErrorHandlingTests/Info.plist;
				IPHONEOS_DEPLOYMENT_TARGET = 13.2;
				LD_RUNPATH_SEARCH_PATHS = (
					"$(inherited)",
					"@executable_path/Frameworks",
					"@loader_path/Frameworks",
				);
				PRODUCT_BUNDLE_IDENTIFIER = org.tiffanyobi.ImagesAndErrorHandlingTests;
				PRODUCT_NAME = "$(TARGET_NAME)";
				SWIFT_VERSION = 5.0;
				TARGETED_DEVICE_FAMILY = "1,2";
				TEST_HOST = "$(BUILT_PRODUCTS_DIR)/ImagesAndErrorHandling.app/ImagesAndErrorHandling";
			};
			name = Release;
		};
/* End XCBuildConfiguration section */

/* Begin XCConfigurationList section */
		3E1FC75B239F5D3B0069E2CA /* Build configuration list for PBXProject "ImagesAndErrorHandling" */ = {
			isa = XCConfigurationList;
			buildConfigurations = (
				3E1FC77D239F5D400069E2CA /* Debug */,
				3E1FC77E239F5D400069E2CA /* Release */,
			);
			defaultConfigurationIsVisible = 0;
			defaultConfigurationName = Release;
		};
		3E1FC77F239F5D400069E2CA /* Build configuration list for PBXNativeTarget "ImagesAndErrorHandling" */ = {
			isa = XCConfigurationList;
			buildConfigurations = (
				3E1FC780239F5D400069E2CA /* Debug */,
				3E1FC781239F5D400069E2CA /* Release */,
			);
			defaultConfigurationIsVisible = 0;
			defaultConfigurationName = Release;
		};
		3E1FC782239F5D400069E2CA /* Build configuration list for PBXNativeTarget "ImagesAndErrorHandlingTests" */ = {
			isa = XCConfigurationList;
			buildConfigurations = (
				3E1FC783239F5D400069E2CA /* Debug */,
				3E1FC784239F5D400069E2CA /* Release */,
			);
			defaultConfigurationIsVisible = 0;
			defaultConfigurationName = Release;
		};
/* End XCConfigurationList section */
	};
	rootObject = 3E1FC758239F5D3B0069E2CA /* Project object */;
}
